
Microsoft Visual Studio Solution File, Format Version 12.00
# Visual Studio Version 16
VisualStudioVersion = 16.0.31313.79
MinimumVisualStudioVersion = 10.0.40219.1
Project("{FAE04EC0-301F-11D3-BF4B-00C04F79EFBC}") = "ClientApp", "ClientApp\ClientApp.csproj", "{512F04E4-4AAF-496C-AD8B-DBCEABE9702F}"
EndProject
Project("{FAE04EC0-301F-11D3-BF4B-00C04F79EFBC}") = "CalculatorLib", "CalculatorLib\CalculatorLib.csproj", "{C60F002F-6479-4E09-83AF-A50F52054901}"
EndProject
Global
	GlobalSection(SolutionConfigurationPlatforms) = preSolution
		Debug|Any CPU = Debug|Any CPU
		Release|Any CPU = Release|Any CPU
	EndGlobalSection
	GlobalSection(ProjectConfigurationPlatforms) = postSolution
		{512F04E4-4AAF-496C-AD8B-DBCEABE9702F}.Debug|Any CPU.ActiveCfg = Debug|Any CPU
		{512F04E4-4AAF-496C-AD8B-DBCEABE9702F}.Debug|Any CPU.Build.0 = Debug|Any CPU
		{512F04E4-4AAF-496C-AD8B-DBCEABE9702F}.Release|Any CPU.ActiveCfg = Release|Any CPU
		{512F04E4-4AAF-496C-AD8B-DBCEABE9702F}.Release|Any CPU.Build.0 = Release|Any CPU
		{C60F002F-6479-4E09-83AF-A50F52054901}.Debug|Any CPU.ActiveCfg = Debug|Any CPU
		{C60F002F-6479-4E09-83AF-A50F52054901}.Debug|Any CPU.Build.0 = Debug|Any CPU
		{C60F002F-6479-4E09-83AF-A50F52054901}.Release|Any CPU.ActiveCfg = Release|Any CPU
		{C60F002F-6479-4E09-83AF-A50F52054901}.Release|Any CPU.Build.0 = Release|Any CPU
	EndGlobalSection
	GlobalSection(SolutionProperties) = preSolution
		HideSolutionNode = FALSE
	EndGlobalSection
	GlobalSection(ExtensibilityGlobals) = postSolution
		SolutionGuid = {45DACA1F-FE8F-4096-8844-C4FAF8C88E63}
	EndGlobalSection
EndGlobal
